// !$*UTF8*$!
{
	archiveVersion = 1;
	classes = {
	};
	objectVersion = 46;
	objects = {

/* Begin PBXBuildFile section */
		91539DF01469B4C1003E1A74 /* Foundation.framework in Frameworks */ = {isa = PBXBuildFile; fileRef = 91539DEF1469B4C1003E1A74 /* Foundation.framework */; };
		91539DF21469B4C1003E1A74 /* UIKit.framework in Frameworks */ = {isa = PBXBuildFile; fileRef = 91539DF11469B4C1003E1A74 /* UIKit.framework */; };
		91539DF41469B4C1003E1A74 /* CoreGraphics.framework in Frameworks */ = {isa = PBXBuildFile; fileRef = 91539DF31469B4C1003E1A74 /* CoreGraphics.framework */; };
		91539DF61469B4C1003E1A74 /* AddressBook.framework in Frameworks */ = {isa = PBXBuildFile; fileRef = 91539DF51469B4C1003E1A74 /* AddressBook.framework */; };
		91539DF81469B4C1003E1A74 /* AddressBookUI.framework in Frameworks */ = {isa = PBXBuildFile; fileRef = 91539DF71469B4C1003E1A74 /* AddressBookUI.framework */; };
		91539DFA1469B4C1003E1A74 /* AudioToolbox.framework in Frameworks */ = {isa = PBXBuildFile; fileRef = 91539DF91469B4C1003E1A74 /* AudioToolbox.framework */; };
		91539DFC1469B4C1003E1A74 /* AVFoundation.framework in Frameworks */ = {isa = PBXBuildFile; fileRef = 91539DFB1469B4C1003E1A74 /* AVFoundation.framework */; };
		91539DFE1469B4C1003E1A74 /* CoreLocation.framework in Frameworks */ = {isa = PBXBuildFile; fileRef = 91539DFD1469B4C1003E1A74 /* CoreLocation.framework */; };
		91539E001469B4C1003E1A74 /* MediaPlayer.framework in Frameworks */ = {isa = PBXBuildFile; fileRef = 91539DFF1469B4C1003E1A74 /* MediaPlayer.framework */; };
		91539E021469B4C1003E1A74 /* QuartzCore.framework in Frameworks */ = {isa = PBXBuildFile; fileRef = 91539E011469B4C1003E1A74 /* QuartzCore.framework */; };
		91539E041469B4C1003E1A74 /* SystemConfiguration.framework in Frameworks */ = {isa = PBXBuildFile; fileRef = 91539E031469B4C1003E1A74 /* SystemConfiguration.framework */; };
		91539E061469B4C1003E1A74 /* MobileCoreServices.framework in Frameworks */ = {isa = PBXBuildFile; fileRef = 91539E051469B4C1003E1A74 /* MobileCoreServices.framework */; };
		91539E081469B4C1003E1A74 /* CoreMedia.framework in Frameworks */ = {isa = PBXBuildFile; fileRef = 91539E071469B4C1003E1A74 /* CoreMedia.framework */; };
		91539E0E1469B4C1003E1A74 /* InfoPlist.strings in Resources */ = {isa = PBXBuildFile; fileRef = 91539E0C1469B4C1003E1A74 /* InfoPlist.strings */; };
		91539E101469B4C1003E1A74 /* main.m in Sources */ = {isa = PBXBuildFile; fileRef = 91539E0F1469B4C1003E1A74 /* main.m */; };
		91539E131469B4C1003E1A74 /* PhoneGap.framework in Frameworks */ = {isa = PBXBuildFile; fileRef = 91539E121469B4C1003E1A74 /* PhoneGap.framework */; };
		91539E181469B4C1003E1A74 /* Localizable.strings in Resources */ = {isa = PBXBuildFile; fileRef = 91539E161469B4C1003E1A74 /* Localizable.strings */; };
		91539E1C1469B4C1003E1A74 /* Localizable.strings in Resources */ = {isa = PBXBuildFile; fileRef = 91539E1A1469B4C1003E1A74 /* Localizable.strings */; };
		91539E1F1469B4C1003E1A74 /* icon.png in Resources */ = {isa = PBXBuildFile; fileRef = 91539E1E1469B4C1003E1A74 /* icon.png */; };
		91539E211469B4C1003E1A74 /* icon@2x.png in Resources */ = {isa = PBXBuildFile; fileRef = 91539E201469B4C1003E1A74 /* icon@2x.png */; };
		91539E231469B4C1003E1A74 /* icon-72.png in Resources */ = {isa = PBXBuildFile; fileRef = 91539E221469B4C1003E1A74 /* icon-72.png */; };
		91539E261469B4C1003E1A74 /* Default.png in Resources */ = {isa = PBXBuildFile; fileRef = 91539E251469B4C1003E1A74 /* Default.png */; };
		91539E281469B4C1003E1A74 /* Default@2x.png in Resources */ = {isa = PBXBuildFile; fileRef = 91539E271469B4C1003E1A74 /* Default@2x.png */; };
		91539E2A1469B4C1003E1A74 /* Capture.bundle in Resources */ = {isa = PBXBuildFile; fileRef = 91539E291469B4C1003E1A74 /* Capture.bundle */; };
		91539E2C1469B4C1003E1A74 /* PhoneGap.plist in Resources */ = {isa = PBXBuildFile; fileRef = 91539E2B1469B4C1003E1A74 /* PhoneGap.plist */; };
		91539E301469B4C1003E1A74 /* AppDelegate.m in Sources */ = {isa = PBXBuildFile; fileRef = 91539E2F1469B4C1003E1A74 /* AppDelegate.m */; };
		91539E3E1469B56D003E1A74 /* www in Resources */ = {isa = PBXBuildFile; fileRef = 91539E3D1469B56D003E1A74 /* www */; };
		91541D4D146B09D700D8FEF4 /* FMDatabase.m in Sources */ = {isa = PBXBuildFile; fileRef = 91541D48146B09D700D8FEF4 /* FMDatabase.m */; };
		91541D4E146B09D700D8FEF4 /* FMDatabaseAdditions.m in Sources */ = {isa = PBXBuildFile; fileRef = 91541D4A146B09D700D8FEF4 /* FMDatabaseAdditions.m */; };
		91541D4F146B09D700D8FEF4 /* FMResultSet.m in Sources */ = {isa = PBXBuildFile; fileRef = 91541D4C146B09D700D8FEF4 /* FMResultSet.m */; };
		91541D51146B0A1200D8FEF4 /* libsqlite3.0.dylib in Frameworks */ = {isa = PBXBuildFile; fileRef = 91541D50146B0A1200D8FEF4 /* libsqlite3.0.dylib */; };
		91541D55146B0AF100D8FEF4 /* dc-bright.mbtiles in Resources */ = {isa = PBXBuildFile; fileRef = 91541D54146B0AF100D8FEF4 /* dc-bright.mbtiles */; };
		91D745C41469CCF3002A4179 /* MBTiles.m in Sources */ = {isa = PBXBuildFile; fileRef = 91D745C31469CCF3002A4179 /* MBTiles.m */; };
		91D745CD1469D4B6002A4179 /* icon_normal.png in Resources */ = {isa = PBXBuildFile; fileRef = 91D745CC1469D4B6002A4179 /* icon_normal.png */; };
		91D745CF1469D4CE002A4179 /* icon_retina.png in Resources */ = {isa = PBXBuildFile; fileRef = 91D745CE1469D4CE002A4179 /* icon_retina.png */; };
/* End PBXBuildFile section */

/* Begin PBXFileReference section */
		91539DEB1469B4C1003E1A74 /* MapBox.app */ = {isa = PBXFileReference; explicitFileType = wrapper.application; includeInIndex = 0; path = MapBox.app; sourceTree = BUILT_PRODUCTS_DIR; };
		91539DEF1469B4C1003E1A74 /* Foundation.framework */ = {isa = PBXFileReference; lastKnownFileType = wrapper.framework; name = Foundation.framework; path = System/Library/Frameworks/Foundation.framework; sourceTree = SDKROOT; };
		91539DF11469B4C1003E1A74 /* UIKit.framework */ = {isa = PBXFileReference; lastKnownFileType = wrapper.framework; name = UIKit.framework; path = System/Library/Frameworks/UIKit.framework; sourceTree = SDKROOT; };
		91539DF31469B4C1003E1A74 /* CoreGraphics.framework */ = {isa = PBXFileReference; lastKnownFileType = wrapper.framework; name = CoreGraphics.framework; path = System/Library/Frameworks/CoreGraphics.framework; sourceTree = SDKROOT; };
		91539DF51469B4C1003E1A74 /* AddressBook.framework */ = {isa = PBXFileReference; lastKnownFileType = wrapper.framework; name = AddressBook.framework; path = System/Library/Frameworks/AddressBook.framework; sourceTree = SDKROOT; };
		91539DF71469B4C1003E1A74 /* AddressBookUI.framework */ = {isa = PBXFileReference; lastKnownFileType = wrapper.framework; name = AddressBookUI.framework; path = System/Library/Frameworks/AddressBookUI.framework; sourceTree = SDKROOT; };
		91539DF91469B4C1003E1A74 /* AudioToolbox.framework */ = {isa = PBXFileReference; lastKnownFileType = wrapper.framework; name = AudioToolbox.framework; path = System/Library/Frameworks/AudioToolbox.framework; sourceTree = SDKROOT; };
		91539DFB1469B4C1003E1A74 /* AVFoundation.framework */ = {isa = PBXFileReference; lastKnownFileType = wrapper.framework; name = AVFoundation.framework; path = System/Library/Frameworks/AVFoundation.framework; sourceTree = SDKROOT; };
		91539DFD1469B4C1003E1A74 /* CoreLocation.framework */ = {isa = PBXFileReference; lastKnownFileType = wrapper.framework; name = CoreLocation.framework; path = System/Library/Frameworks/CoreLocation.framework; sourceTree = SDKROOT; };
		91539DFF1469B4C1003E1A74 /* MediaPlayer.framework */ = {isa = PBXFileReference; lastKnownFileType = wrapper.framework; name = MediaPlayer.framework; path = System/Library/Frameworks/MediaPlayer.framework; sourceTree = SDKROOT; };
		91539E011469B4C1003E1A74 /* QuartzCore.framework */ = {isa = PBXFileReference; lastKnownFileType = wrapper.framework; name = QuartzCore.framework; path = System/Library/Frameworks/QuartzCore.framework; sourceTree = SDKROOT; };
		91539E031469B4C1003E1A74 /* SystemConfiguration.framework */ = {isa = PBXFileReference; lastKnownFileType = wrapper.framework; name = SystemConfiguration.framework; path = System/Library/Frameworks/SystemConfiguration.framework; sourceTree = SDKROOT; };
		91539E051469B4C1003E1A74 /* MobileCoreServices.framework */ = {isa = PBXFileReference; lastKnownFileType = wrapper.framework; name = MobileCoreServices.framework; path = System/Library/Frameworks/MobileCoreServices.framework; sourceTree = SDKROOT; };
		91539E071469B4C1003E1A74 /* CoreMedia.framework */ = {isa = PBXFileReference; lastKnownFileType = wrapper.framework; name = CoreMedia.framework; path = System/Library/Frameworks/CoreMedia.framework; sourceTree = SDKROOT; };
		91539E0B1469B4C1003E1A74 /* MapBoxiPhone-Info.plist */ = {isa = PBXFileReference; lastKnownFileType = text.plist.xml; path = "MapBoxiPhone-Info.plist"; sourceTree = "<group>"; };
		91539E0D1469B4C1003E1A74 /* en */ = {isa = PBXFileReference; lastKnownFileType = text.plist.strings; name = en; path = en.lproj/InfoPlist.strings; sourceTree = "<group>"; };
		91539E0F1469B4C1003E1A74 /* main.m */ = {isa = PBXFileReference; lastKnownFileType = sourcecode.c.objc; path = main.m; sourceTree = "<group>"; };
		91539E111469B4C1003E1A74 /* MapBoxiPhone-Prefix.pch */ = {isa = PBXFileReference; lastKnownFileType = sourcecode.c.h; path = "MapBoxiPhone-Prefix.pch"; sourceTree = "<group>"; };
		91539E121469B4C1003E1A74 /* PhoneGap.framework */ = {isa = PBXFileReference; lastKnownFileType = wrapper.framework; name = PhoneGap.framework; path = /Users/Shared/PhoneGap/Frameworks/PhoneGap.framework; sourceTree = "<absolute>"; };
		91539E171469B4C1003E1A74 /* en */ = {isa = PBXFileReference; lastKnownFileType = text.plist.strings; name = en; path = Resources/en.lproj/Localizable.strings; sourceTree = "<group>"; };
		91539E1B1469B4C1003E1A74 /* es */ = {isa = PBXFileReference; lastKnownFileType = text.plist.strings; name = es; path = Resources/es.lproj/Localizable.strings; sourceTree = "<group>"; };
		91539E1E1469B4C1003E1A74 /* icon.png */ = {isa = PBXFileReference; lastKnownFileType = image.png; name = icon.png; path = Resources/icons/icon.png; sourceTree = "<group>"; };
		91539E201469B4C1003E1A74 /* icon@2x.png */ = {isa = PBXFileReference; lastKnownFileType = image.png; name = "icon@2x.png"; path = "Resources/icons/icon@2x.png"; sourceTree = "<group>"; };
		91539E221469B4C1003E1A74 /* icon-72.png */ = {isa = PBXFileReference; lastKnownFileType = image.png; name = "icon-72.png"; path = "Resources/icons/icon-72.png"; sourceTree = "<group>"; };
		91539E251469B4C1003E1A74 /* Default.png */ = {isa = PBXFileReference; lastKnownFileType = image.png; name = Default.png; path = Resources/splash/Default.png; sourceTree = "<group>"; };
		91539E271469B4C1003E1A74 /* Default@2x.png */ = {isa = PBXFileReference; lastKnownFileType = image.png; name = "Default@2x.png"; path = "Resources/splash/Default@2x.png"; sourceTree = "<group>"; };
		91539E291469B4C1003E1A74 /* Capture.bundle */ = {isa = PBXFileReference; lastKnownFileType = "wrapper.plug-in"; name = Capture.bundle; path = Resources/Capture.bundle; sourceTree = "<group>"; };
		91539E2B1469B4C1003E1A74 /* PhoneGap.plist */ = {isa = PBXFileReference; lastKnownFileType = text.plist.xml; path = PhoneGap.plist; sourceTree = "<group>"; };
		91539E2E1469B4C1003E1A74 /* AppDelegate.h */ = {isa = PBXFileReference; lastKnownFileType = sourcecode.c.h; name = AppDelegate.h; path = Classes/AppDelegate.h; sourceTree = "<group>"; };
		91539E2F1469B4C1003E1A74 /* AppDelegate.m */ = {isa = PBXFileReference; lastKnownFileType = sourcecode.c.objc; name = AppDelegate.m; path = Classes/AppDelegate.m; sourceTree = "<group>"; };
		91539E3D1469B56D003E1A74 /* www */ = {isa = PBXFileReference; lastKnownFileType = folder; path = www; sourceTree = "<group>"; };
		91541D47146B09D700D8FEF4 /* FMDatabase.h */ = {isa = PBXFileReference; fileEncoding = 4; lastKnownFileType = sourcecode.c.h; path = FMDatabase.h; sourceTree = "<group>"; };
		91541D48146B09D700D8FEF4 /* FMDatabase.m */ = {isa = PBXFileReference; fileEncoding = 4; lastKnownFileType = sourcecode.c.objc; path = FMDatabase.m; sourceTree = "<group>"; };
		91541D49146B09D700D8FEF4 /* FMDatabaseAdditions.h */ = {isa = PBXFileReference; fileEncoding = 4; lastKnownFileType = sourcecode.c.h; path = FMDatabaseAdditions.h; sourceTree = "<group>"; };
		91541D4A146B09D700D8FEF4 /* FMDatabaseAdditions.m */ = {isa = PBXFileReference; fileEncoding = 4; lastKnownFileType = sourcecode.c.objc; path = FMDatabaseAdditions.m; sourceTree = "<group>"; };
		91541D4B146B09D700D8FEF4 /* FMResultSet.h */ = {isa = PBXFileReference; fileEncoding = 4; lastKnownFileType = sourcecode.c.h; path = FMResultSet.h; sourceTree = "<group>"; };
		91541D4C146B09D700D8FEF4 /* FMResultSet.m */ = {isa = PBXFileReference; fileEncoding = 4; lastKnownFileType = sourcecode.c.objc; path = FMResultSet.m; sourceTree = "<group>"; };
		91541D50146B0A1200D8FEF4 /* libsqlite3.0.dylib */ = {isa = PBXFileReference; lastKnownFileType = "compiled.mach-o.dylib"; name = libsqlite3.0.dylib; path = usr/lib/libsqlite3.0.dylib; sourceTree = SDKROOT; };
		91541D54146B0AF100D8FEF4 /* dc-bright.mbtiles */ = {isa = PBXFileReference; lastKnownFileType = file; path = "dc-bright.mbtiles"; sourceTree = "<group>"; };
		91D745C31469CCF3002A4179 /* MBTiles.m */ = {isa = PBXFileReference; fileEncoding = 4; lastKnownFileType = sourcecode.c.objc; path = MBTiles.m; sourceTree = "<group>"; };
		91D745C61469CDDF002A4179 /* MBTiles.h */ = {isa = PBXFileReference; fileEncoding = 4; lastKnownFileType = sourcecode.c.h; path = MBTiles.h; sourceTree = "<group>"; };
		91D745CC1469D4B6002A4179 /* icon_normal.png */ = {isa = PBXFileReference; lastKnownFileType = image.png; path = icon_normal.png; sourceTree = "<group>"; };
		91D745CE1469D4CE002A4179 /* icon_retina.png */ = {isa = PBXFileReference; lastKnownFileType = image.png; path = icon_retina.png; sourceTree = "<group>"; };
/* End PBXFileReference section */

/* Begin PBXFrameworksBuildPhase section */
		91539DE51469B4C1003E1A74 /* Frameworks */ = {
			isa = PBXFrameworksBuildPhase;
			buildActionMask = 2147483647;
			files = (
				91541D51146B0A1200D8FEF4 /* libsqlite3.0.dylib in Frameworks */,
				91539DF01469B4C1003E1A74 /* Foundation.framework in Frameworks */,
				91539DF21469B4C1003E1A74 /* UIKit.framework in Frameworks */,
				91539DF41469B4C1003E1A74 /* CoreGraphics.framework in Frameworks */,
				91539DF61469B4C1003E1A74 /* AddressBook.framework in Frameworks */,
				91539DF81469B4C1003E1A74 /* AddressBookUI.framework in Frameworks */,
				91539DFA1469B4C1003E1A74 /* AudioToolbox.framework in Frameworks */,
				91539DFC1469B4C1003E1A74 /* AVFoundation.framework in Frameworks */,
				91539DFE1469B4C1003E1A74 /* CoreLocation.framework in Frameworks */,
				91539E001469B4C1003E1A74 /* MediaPlayer.framework in Frameworks */,
				91539E021469B4C1003E1A74 /* QuartzCore.framework in Frameworks */,
				91539E041469B4C1003E1A74 /* SystemConfiguration.framework in Frameworks */,
				91539E061469B4C1003E1A74 /* MobileCoreServices.framework in Frameworks */,
				91539E081469B4C1003E1A74 /* CoreMedia.framework in Frameworks */,
				91539E131469B4C1003E1A74 /* PhoneGap.framework in Frameworks */,
			);
			runOnlyForDeploymentPostprocessing = 0;
		};
		91539DE81469B4C1003E1A74 /* Frameworks */ = {
			isa = PBXFrameworksBuildPhase;
			buildActionMask = 2147483647;
			files = (
			);
			runOnlyForDeploymentPostprocessing = 0;
		};
/* End PBXFrameworksBuildPhase section */

/* Begin PBXGroup section */
		91539DDD1469B4C1003E1A74 = {
			isa = PBXGroup;
			children = (
				91541D50146B0A1200D8FEF4 /* libsqlite3.0.dylib */,
				91D745CE1469D4CE002A4179 /* icon_retina.png */,
				91D745CC1469D4B6002A4179 /* icon_normal.png */,
				91539E3D1469B56D003E1A74 /* www */,
				91539E091469B4C1003E1A74 /* MapBoxiPhone */,
				91539DEE1469B4C1003E1A74 /* Frameworks */,
				91539DEC1469B4C1003E1A74 /* Products */,
			);
			sourceTree = "<group>";
		};
		91539DEC1469B4C1003E1A74 /* Products */ = {
			isa = PBXGroup;
			children = (
				91539DEB1469B4C1003E1A74 /* MapBox.app */,
			);
			name = Products;
			sourceTree = "<group>";
		};
		91539DEE1469B4C1003E1A74 /* Frameworks */ = {
			isa = PBXGroup;
			children = (
				91539DEF1469B4C1003E1A74 /* Foundation.framework */,
				91539DF11469B4C1003E1A74 /* UIKit.framework */,
				91539DF31469B4C1003E1A74 /* CoreGraphics.framework */,
				91539DF51469B4C1003E1A74 /* AddressBook.framework */,
				91539DF71469B4C1003E1A74 /* AddressBookUI.framework */,
				91539DF91469B4C1003E1A74 /* AudioToolbox.framework */,
				91539DFB1469B4C1003E1A74 /* AVFoundation.framework */,
				91539DFD1469B4C1003E1A74 /* CoreLocation.framework */,
				91539DFF1469B4C1003E1A74 /* MediaPlayer.framework */,
				91539E011469B4C1003E1A74 /* QuartzCore.framework */,
				91539E031469B4C1003E1A74 /* SystemConfiguration.framework */,
				91539E051469B4C1003E1A74 /* MobileCoreServices.framework */,
				91539E071469B4C1003E1A74 /* CoreMedia.framework */,
			);
			name = Frameworks;
			sourceTree = "<group>";
		};
		91539E091469B4C1003E1A74 /* MapBoxiPhone */ = {
			isa = PBXGroup;
			children = (
				91541D45146B09BC00D8FEF4 /* Externals */,
				91539E121469B4C1003E1A74 /* PhoneGap.framework */,
				91539E141469B4C1003E1A74 /* Resources */,
				91539E2D1469B4C1003E1A74 /* Classes */,
				91539E311469B4C1003E1A74 /* Plugins */,
				91539E0A1469B4C1003E1A74 /* Supporting Files */,
			);
			name = MapBoxiPhone;
			path = "MapBox iPhone";
			sourceTree = "<group>";
		};
		91539E0A1469B4C1003E1A74 /* Supporting Files */ = {
			isa = PBXGroup;
			children = (
				91539E0B1469B4C1003E1A74 /* MapBoxiPhone-Info.plist */,
				91539E0C1469B4C1003E1A74 /* InfoPlist.strings */,
				91539E0F1469B4C1003E1A74 /* main.m */,
				91539E111469B4C1003E1A74 /* MapBoxiPhone-Prefix.pch */,
				91539E2B1469B4C1003E1A74 /* PhoneGap.plist */,
			);
			name = "Supporting Files";
			sourceTree = "<group>";
		};
		91539E141469B4C1003E1A74 /* Resources */ = {
			isa = PBXGroup;
			children = (
				91541D53146B0ACF00D8FEF4 /* Tilesets */,
				91539E291469B4C1003E1A74 /* Capture.bundle */,
				91539E151469B4C1003E1A74 /* en.lproj */,
				91539E191469B4C1003E1A74 /* es.lproj */,
				91539E1D1469B4C1003E1A74 /* icons */,
				91539E241469B4C1003E1A74 /* splash */,
			);
			name = Resources;
			sourceTree = "<group>";
		};
		91539E151469B4C1003E1A74 /* en.lproj */ = {
			isa = PBXGroup;
			children = (
				91539E161469B4C1003E1A74 /* Localizable.strings */,
			);
			name = en.lproj;
			sourceTree = "<group>";
		};
		91539E191469B4C1003E1A74 /* es.lproj */ = {
			isa = PBXGroup;
			children = (
				91539E1A1469B4C1003E1A74 /* Localizable.strings */,
			);
			name = es.lproj;
			sourceTree = "<group>";
		};
		91539E1D1469B4C1003E1A74 /* icons */ = {
			isa = PBXGroup;
			children = (
				91539E1E1469B4C1003E1A74 /* icon.png */,
				91539E201469B4C1003E1A74 /* icon@2x.png */,
				91539E221469B4C1003E1A74 /* icon-72.png */,
			);
			name = icons;
			sourceTree = "<group>";
		};
		91539E241469B4C1003E1A74 /* splash */ = {
			isa = PBXGroup;
			children = (
				91539E251469B4C1003E1A74 /* Default.png */,
				91539E271469B4C1003E1A74 /* Default@2x.png */,
			);
			name = splash;
			sourceTree = "<group>";
		};
		91539E2D1469B4C1003E1A74 /* Classes */ = {
			isa = PBXGroup;
			children = (
				91539E2E1469B4C1003E1A74 /* AppDelegate.h */,
				91539E2F1469B4C1003E1A74 /* AppDelegate.m */,
			);
			name = Classes;
			sourceTree = "<group>";
		};
		91539E311469B4C1003E1A74 /* Plugins */ = {
			isa = PBXGroup;
			children = (
				91D745C31469CCF3002A4179 /* MBTiles.m */,
				91D745C61469CDDF002A4179 /* MBTiles.h */,
			);
			name = Plugins;
			sourceTree = "<group>";
		};
		91541D45146B09BC00D8FEF4 /* Externals */ = {
			isa = PBXGroup;
			children = (
				91541D47146B09D700D8FEF4 /* FMDatabase.h */,
				91541D48146B09D700D8FEF4 /* FMDatabase.m */,
				91541D49146B09D700D8FEF4 /* FMDatabaseAdditions.h */,
				91541D4A146B09D700D8FEF4 /* FMDatabaseAdditions.m */,
				91541D4B146B09D700D8FEF4 /* FMResultSet.h */,
				91541D4C146B09D700D8FEF4 /* FMResultSet.m */,
			);
			name = Externals;
			sourceTree = "<group>";
		};
		91541D53146B0ACF00D8FEF4 /* Tilesets */ = {
			isa = PBXGroup;
			children = (
				91541D54146B0AF100D8FEF4 /* dc-bright.mbtiles */,
			);
			name = Tilesets;
			sourceTree = "<group>";
		};
/* End PBXGroup section */

/* Begin PBXNativeTarget section */
		91539DEA1469B4C1003E1A74 /* MapBoxiPhone */ = {
			isa = PBXNativeTarget;
			buildConfigurationList = 91539E351469B4C1003E1A74 /* Build configuration list for PBXNativeTarget "MapBoxiPhone" */;
			buildPhases = (
				91539DE41469B4C1003E1A74 /* Sources */,
				91539DE51469B4C1003E1A74 /* Frameworks */,
				91539DE61469B4C1003E1A74 /* Resources */,
				91539DE71469B4C1003E1A74 /* Sources */,
				91539DE81469B4C1003E1A74 /* Frameworks */,
				91539DE91469B4C1003E1A74 /* ShellScript */,
			);
			buildRules = (
			);
			dependencies = (
			);
			name = MapBoxiPhone;
			productName = "MapBox iPhone";
			productReference = 91539DEB1469B4C1003E1A74 /* MapBox.app */;
			productType = "com.apple.product-type.application";
		};
/* End PBXNativeTarget section */

/* Begin PBXProject section */
		91539DDF1469B4C1003E1A74 /* Project object */ = {
			isa = PBXProject;
			attributes = {
				LastUpgradeCheck = 0420;
			};
			buildConfigurationList = 91539DE21469B4C1003E1A74 /* Build configuration list for PBXProject "MapBoxiPhone" */;
			compatibilityVersion = "Xcode 3.2";
			developmentRegion = English;
			hasScannedForEncodings = 0;
			knownRegions = (
				en,
				es,
			);
			mainGroup = 91539DDD1469B4C1003E1A74;
			productRefGroup = 91539DEC1469B4C1003E1A74 /* Products */;
			projectDirPath = "";
			projectRoot = "";
			targets = (
				91539DEA1469B4C1003E1A74 /* MapBoxiPhone */,
			);
		};
/* End PBXProject section */

/* Begin PBXResourcesBuildPhase section */
		91539DE61469B4C1003E1A74 /* Resources */ = {
			isa = PBXResourcesBuildPhase;
			buildActionMask = 2147483647;
			files = (
				91539E0E1469B4C1003E1A74 /* InfoPlist.strings in Resources */,
				91539E181469B4C1003E1A74 /* Localizable.strings in Resources */,
				91539E1C1469B4C1003E1A74 /* Localizable.strings in Resources */,
				91539E1F1469B4C1003E1A74 /* icon.png in Resources */,
				91539E211469B4C1003E1A74 /* icon@2x.png in Resources */,
				91539E231469B4C1003E1A74 /* icon-72.png in Resources */,
				91539E261469B4C1003E1A74 /* Default.png in Resources */,
				91539E281469B4C1003E1A74 /* Default@2x.png in Resources */,
				91539E2A1469B4C1003E1A74 /* Capture.bundle in Resources */,
				91539E2C1469B4C1003E1A74 /* PhoneGap.plist in Resources */,
				91539E3E1469B56D003E1A74 /* www in Resources */,
				91D745CD1469D4B6002A4179 /* icon_normal.png in Resources */,
				91D745CF1469D4CE002A4179 /* icon_retina.png in Resources */,
				91541D55146B0AF100D8FEF4 /* dc-bright.mbtiles in Resources */,
			);
			runOnlyForDeploymentPostprocessing = 0;
		};
/* End PBXResourcesBuildPhase section */

/* Begin PBXShellScriptBuildPhase section */
		91539DE91469B4C1003E1A74 /* ShellScript */ = {
			isa = PBXShellScriptBuildPhase;
			buildActionMask = 2147483647;
			files = (
			);
			inputPaths = (
			);
			outputPaths = (
			);
			runOnlyForDeploymentPostprocessing = 0;
			shellPath = /bin/bash;
			shellScript = "\n\t\t\t\t\t\t\t\tif [ ! -d \"$PROJECT_DIR/www\" ] ; then\n\t\t\t\t\t\t\t\t\tcp -R /Users/Shared/PhoneGap/Frameworks/PhoneGap.framework/www \"$PROJECT_DIR\"\n\t\t\t\t\t\t\t\tfi\n\t\t\t\t\t\t\t\t# detect www folder reference in project, if missing, print warning\n\t\t\t\t\t\t\t\tgrep \"{isa = PBXFileReference; lastKnownFileType = folder; path = www; sourceTree = \\\"<group>\\\"; };\" \"$PROJECT_DIR/$PROJECT_NAME.xcodeproj/project.pbxproj\"\n\t\t\t\t\t\t\t\trc=$? \n\t\t\t\t\t\t\t\tif [ $rc != 0 ] ; then\n\t\t\t\t\t\t\t\techo -e \"warning: Missing - Add $PROJECT_DIR/www as a folder reference in your project. Just drag and drop the folder into your project, into the Project Navigator of Xcode 4. Make sure you select the second radio-button: 'Create folder references for any added folders' (which will create a blue folder)\" 1>&2\n\t\t\t\t\t\t\t\tfi\t\t\t\t\t\t\t";
		};
/* End PBXShellScriptBuildPhase section */

/* Begin PBXSourcesBuildPhase section */
		91539DE41469B4C1003E1A74 /* Sources */ = {
			isa = PBXSourcesBuildPhase;
			buildActionMask = 2147483647;
			files = (
				91539E101469B4C1003E1A74 /* main.m in Sources */,
				91539E301469B4C1003E1A74 /* AppDelegate.m in Sources */,
				91D745C41469CCF3002A4179 /* MBTiles.m in Sources */,
				91541D4D146B09D700D8FEF4 /* FMDatabase.m in Sources */,
				91541D4E146B09D700D8FEF4 /* FMDatabaseAdditions.m in Sources */,
				91541D4F146B09D700D8FEF4 /* FMResultSet.m in Sources */,
			);
			runOnlyForDeploymentPostprocessing = 0;
		};
		91539DE71469B4C1003E1A74 /* Sources */ = {
			isa = PBXSourcesBuildPhase;
			buildActionMask = 2147483647;
			files = (
			);
			runOnlyForDeploymentPostprocessing = 0;
		};
/* End PBXSourcesBuildPhase section */

/* Begin PBXVariantGroup section */
		91539E0C1469B4C1003E1A74 /* InfoPlist.strings */ = {
			isa = PBXVariantGroup;
			children = (
				91539E0D1469B4C1003E1A74 /* en */,
			);
			name = InfoPlist.strings;
			sourceTree = "<group>";
		};
		91539E161469B4C1003E1A74 /* Localizable.strings */ = {
			isa = PBXVariantGroup;
			children = (
				91539E171469B4C1003E1A74 /* en */,
			);
			name = Localizable.strings;
			sourceTree = "<group>";
		};
		91539E1A1469B4C1003E1A74 /* Localizable.strings */ = {
			isa = PBXVariantGroup;
			children = (
				91539E1B1469B4C1003E1A74 /* es */,
			);
			name = Localizable.strings;
			sourceTree = "<group>";
		};
/* End PBXVariantGroup section */

/* Begin XCBuildConfiguration section */
		91539E331469B4C1003E1A74 /* Debug */ = {
			isa = XCBuildConfiguration;
			buildSettings = {
				ALWAYS_SEARCH_USER_PATHS = NO;
				ARCHS = "$(ARCHS_STANDARD_32_BIT)";
				CLANG_ENABLE_OBJC_ARC = YES;
				"CODE_SIGN_IDENTITY[sdk=iphoneos*]" = "iPhone Developer";
				COPY_PHASE_STRIP = NO;
				GCC_C_LANGUAGE_STANDARD = gnu99;
				GCC_DYNAMIC_NO_PIC = NO;
				GCC_OPTIMIZATION_LEVEL = 0;
				GCC_PREPROCESSOR_DEFINITIONS = (
					"DEBUG=1",
					"$(inherited)",
				);
				GCC_SYMBOLS_PRIVATE_EXTERN = NO;
				GCC_VERSION = com.apple.compilers.llvmgcc42;
				GCC_WARN_ABOUT_MISSING_PROTOTYPES = YES;
				GCC_WARN_ABOUT_RETURN_TYPE = YES;
				GCC_WARN_UNUSED_VARIABLE = YES;
				IPHONEOS_DEPLOYMENT_TARGET = 3.0;
				SDKROOT = iphoneos;
			};
			name = Debug;
		};
		91539E341469B4C1003E1A74 /* Release */ = {
			isa = XCBuildConfiguration;
			buildSettings = {
				ALWAYS_SEARCH_USER_PATHS = NO;
				ARCHS = "$(ARCHS_STANDARD_32_BIT)";
				CLANG_ENABLE_OBJC_ARC = YES;
				"CODE_SIGN_IDENTITY[sdk=iphoneos*]" = "iPhone Developer";
				COPY_PHASE_STRIP = YES;
				GCC_C_LANGUAGE_STANDARD = gnu99;
				GCC_VERSION = com.apple.compilers.llvmgcc42;
				GCC_WARN_ABOUT_MISSING_PROTOTYPES = YES;
				GCC_WARN_ABOUT_RETURN_TYPE = YES;
				GCC_WARN_UNUSED_VARIABLE = YES;
				IPHONEOS_DEPLOYMENT_TARGET = 3.0;
				SDKROOT = iphoneos;
				VALIDATE_PRODUCT = YES;
			};
			name = Release;
		};
		91539E361469B4C1003E1A74 /* Debug */ = {
			isa = XCBuildConfiguration;
			buildSettings = {
				ALWAYS_SEARCH_USER_PATHS = YES;
				COPY_PHASE_STRIP = NO;
				FRAMEWORK_SEARCH_PATHS = /Users/Shared/PhoneGap/Frameworks;
				GCC_DYNAMIC_NO_PIC = NO;
				GCC_PRECOMPILE_PREFIX_HEADER = YES;
				GCC_PREFIX_HEADER = "MapBox iPhone/MapBoxiPhone-Prefix.pch";
				GCC_PREPROCESSOR_DEFINITIONS = "PHONEGAP_FRAMEWORK=YES";
				INFOPLIST_FILE = "MapBox iPhone/MapBoxiPhone-Info.plist";
				IPHONEOS_DEPLOYMENT_TARGET = 5.0;
				OTHER_LDFLAGS = (
					"-weak_framework",
					UIKit,
					"-weak_framework",
					AVFoundation,
					"-weak_framework",
					CoreMedia,
					"-weak_library",
					/usr/lib/libSystem.B.dylib,
				);
				PRODUCT_NAME = MapBox;
				TARGETED_DEVICE_FAMILY = 1;
				WRAPPER_EXTENSION = app;
			};
			name = Debug;
		};
		91539E371469B4C1003E1A74 /* Release */ = {
			isa = XCBuildConfiguration;
			buildSettings = {
				ALWAYS_SEARCH_USER_PATHS = YES;
				COPY_PHASE_STRIP = YES;
				DEBUG_INFORMATION_FORMAT = "dwarf-with-dsym";
				FRAMEWORK_SEARCH_PATHS = /Users/Shared/PhoneGap/Frameworks;
				GCC_PRECOMPILE_PREFIX_HEADER = YES;
				GCC_PREFIX_HEADER = "MapBox iPhone/MapBoxiPhone-Prefix.pch";
				GCC_PREPROCESSOR_DEFINITIONS = "PHONEGAP_FRAMEWORK=YES";
				INFOPLIST_FILE = "MapBox iPhone/MapBoxiPhone-Info.plist";
				IPHONEOS_DEPLOYMENT_TARGET = 5.0;
				OTHER_LDFLAGS = (
					"-weak_framework",
					UIKit,
					"-weak_framework",
					AVFoundation,
					"-weak_framework",
					CoreMedia,
					"-weak_library",
					/usr/lib/libSystem.B.dylib,
				);
				PRODUCT_NAME = MapBox;
				TARGETED_DEVICE_FAMILY = 1;
				VALIDATE_PRODUCT = YES;
				WRAPPER_EXTENSION = app;
			};
			name = Release;
		};
/* End XCBuildConfiguration section */

/* Begin XCConfigurationList section */
		91539DE21469B4C1003E1A74 /* Build configuration list for PBXProject "MapBoxiPhone" */ = {
			isa = XCConfigurationList;
			buildConfigurations = (
				91539E331469B4C1003E1A74 /* Debug */,
				91539E341469B4C1003E1A74 /* Release */,
			);
			defaultConfigurationIsVisible = 0;
			defaultConfigurationName = Release;
		};
		91539E351469B4C1003E1A74 /* Build configuration list for PBXNativeTarget "MapBoxiPhone" */ = {
			isa = XCConfigurationList;
			buildConfigurations = (
				91539E361469B4C1003E1A74 /* Debug */,
				91539E371469B4C1003E1A74 /* Release */,
			);
			defaultConfigurationIsVisible = 0;
			defaultConfigurationName = Release;
		};
/* End XCConfigurationList section */
	};
	rootObject = 91539DDF1469B4C1003E1A74 /* Project object */;
}
